{"projectHash":"742e9ef90569ca65106beac8eba95321717810b5","productModuleName":"HomeDataTests","mockedTypeNames":["\/Users\/petrose\/Projects\/books\/ios\/3\/Mobile Microservices Architecture\/Home\/Data\/HomeDataTests\/Utils\/Fakes.swift",[],"\/Users\/petrose\/Projects\/books\/ios\/3\/Mobile Microservices Architecture\/Home\/Data\/HomeDataTests\/LikeArticleSourceCombinedShould.swift",[],"\/Users\/petrose\/Projects\/books\/ios\/3\/Mobile Microservices Architecture\/Home\/Data\/HomeDataTests\/ArticlesAuthorsLikesMapperShould.swift",[],"\/Users\/petrose\/Projects\/books\/ios\/3\/Mobile Microservices Architecture\/Home\/Data\/HomeDataTests\/GetArticlesSourceCombinedShould.swift",[],"\/Users\/petrose\/Projects\/books\/ios\/3\/Mobile Microservices Architecture\/Home\/Data\/HomeDataTests\/Utils\/MockResolver.swift",["ArticleDataSourceRemote","AuthorDataSourceLocal","LikesDataSourceLocal","ArticleDataSourceLocal"]],"cliVersion":"0.20.0","sourceFilePaths":[{"path":"\/Users\/petrose\/Projects\/books\/ios\/3\/Mobile Microservices Architecture\/Home\/Data\/HomeDataTests\/ArticlesAuthorsLikesMapperShould.swift","hash":"06ab148f6d171f5e0689e57d585eae4d55091368"},{"path":"\/Users\/petrose\/Projects\/books\/ios\/3\/Mobile Microservices Architecture\/Home\/Data\/HomeDataTests\/GetArticlesSourceCombinedShould.swift","hash":"643002655f2afde5e1e78354fc85f6b18daf4d24"},{"path":"\/Users\/petrose\/Projects\/books\/ios\/3\/Mobile Microservices Architecture\/Home\/Data\/HomeDataTests\/LikeArticleSourceCombinedShould.swift","hash":"3c538adb984170e6fd2e34f6e4423f5f2c03239c"},{"path":"\/Users\/petrose\/Projects\/books\/ios\/3\/Mobile Microservices Architecture\/Home\/Data\/HomeDataTests\/Utils\/Fakes.swift","hash":"56e6e2720f7f445c15da18dfbd4bbd37c4e99f54"},{"path":"\/Users\/petrose\/Projects\/books\/ios\/3\/Mobile Microservices Architecture\/Home\/Data\/HomeDataTests\/Utils\/MockResolver.swift","hash":"c6d0bfd78df1e6733f9164cc11e1371dc2d6fc91"},{"path":"\/Users\/petrose\/Projects\/books\/ios\/3\/Mobile Microservices Architecture\/MockingbirdMocks\/HomeDataTests-HomeDataMocks.generated.swift","hash":"a37e1f002d7ca9155309468dfd433e670499227a"}],"sourceRoot":"\/Users\/petrose\/Projects\/books\/ios\/3\/Mobile Microservices Architecture","dependencies":[],"name":"HomeDataTests"}