{"projectHash":"73ec797a7bdc5d57b67afc1d07dcbdb5dc54009b","productModuleName":"HomeFrameworkTests","mockedTypeNames":["\/Users\/petrose\/Projects\/books\/ios\/3\/Mobile Microservices Architecture\/HomeFrameworkTests\/LikesLocalDataGatewayShould.swift",[],"\/Users\/petrose\/Projects\/books\/ios\/3\/Mobile Microservices Architecture\/HomeFrameworkTests\/AuthorsLocalDataGatewayShould.swift",[],"\/Users\/petrose\/Projects\/books\/ios\/3\/Mobile Microservices Architecture\/HomeFrameworkTests\/ArticlesLocalDataGatewayShould.swift",[],"\/Users\/petrose\/Projects\/books\/ios\/3\/Mobile Microservices Architecture\/HomeFrameworkTests\/ArticlesMapperDbShould.swift",[],"\/Users\/petrose\/Projects\/books\/ios\/3\/Mobile Microservices Architecture\/HomeFrameworkTests\/ArticlesMapperPlainShould.swift",[],"\/Users\/petrose\/Projects\/books\/ios\/3\/Mobile Microservices Architecture\/HomeFrameworkTests\/Utils\/MockResolver.swift",["ArticlesService"],"\/Users\/petrose\/Projects\/books\/ios\/3\/Mobile Microservices Architecture\/HomeFrameworkTests\/AuthorsMapperPlainShould.swift",[],"\/Users\/petrose\/Projects\/books\/ios\/3\/Mobile Microservices Architecture\/HomeFrameworkTests\/Utils\/Fakes.swift",[],"\/Users\/petrose\/Projects\/books\/ios\/3\/Mobile Microservices Architecture\/HomeFrameworkTests\/ArticlesRemoteDataGatewayShould.swift",[]],"cliVersion":"0.20.0","sourceFilePaths":[{"path":"\/Users\/petrose\/Projects\/books\/ios\/3\/Mobile Microservices Architecture\/HomeFrameworkTests\/ArticlesLocalDataGatewayShould.swift","hash":"3d6845c3f29809c7da7abd6c72caa170904e6086"},{"path":"\/Users\/petrose\/Projects\/books\/ios\/3\/Mobile Microservices Architecture\/HomeFrameworkTests\/ArticlesMapperDbShould.swift","hash":"f2730c67cbf5aff5f444a51eb77dffbbd2da317f"},{"path":"\/Users\/petrose\/Projects\/books\/ios\/3\/Mobile Microservices Architecture\/HomeFrameworkTests\/ArticlesMapperPlainShould.swift","hash":"9fe36c95ac08a85fa5d6e76ce53216f7858a907e"},{"path":"\/Users\/petrose\/Projects\/books\/ios\/3\/Mobile Microservices Architecture\/HomeFrameworkTests\/ArticlesRemoteDataGatewayShould.swift","hash":"cb79ba2e9778822b9461b6168f4d74b036593a2d"},{"path":"\/Users\/petrose\/Projects\/books\/ios\/3\/Mobile Microservices Architecture\/HomeFrameworkTests\/AuthorsLocalDataGatewayShould.swift","hash":"59ef12e05f32c2f7ffd4f7843b18dd08c224b77e"},{"path":"\/Users\/petrose\/Projects\/books\/ios\/3\/Mobile Microservices Architecture\/HomeFrameworkTests\/AuthorsMapperPlainShould.swift","hash":"0745f7694f31378977edf63c4169fbfc06468b8b"},{"path":"\/Users\/petrose\/Projects\/books\/ios\/3\/Mobile Microservices Architecture\/HomeFrameworkTests\/LikesLocalDataGatewayShould.swift","hash":"10ec070ba1a457940ee6e9cccd4008cbf3751e98"},{"path":"\/Users\/petrose\/Projects\/books\/ios\/3\/Mobile Microservices Architecture\/HomeFrameworkTests\/Utils\/Fakes.swift","hash":"062c64158b70510b58e4277e5518a9d531204a07"},{"path":"\/Users\/petrose\/Projects\/books\/ios\/3\/Mobile Microservices Architecture\/HomeFrameworkTests\/Utils\/MockResolver.swift","hash":"281355d3621c8923f5a892ac9ae7893cd7534e21"},{"path":"\/Users\/petrose\/Projects\/books\/ios\/3\/Mobile Microservices Architecture\/MockingbirdMocks\/HomeFrameworkTests-HomeMocks.generated.swift","hash":"6dad3a13ffec756924ea84ba3ff2a6529a32f9f3"}],"sourceRoot":"\/Users\/petrose\/Projects\/books\/ios\/3\/Mobile Microservices Architecture","dependencies":[],"name":"HomeFrameworkTests"}