{"cliVersion":"0.20.0","productModuleName":"Home","sourceFilePaths":[{"path":"\/Users\/petrose\/Projects\/books\/ios\/3\/Mobile Microservices Architecture\/Home\/Framework\/DI\/Resolver.swift","hash":"c9b3213a2ed9f9e978e9f85f9fd7d53f8342f082"},{"path":"\/Users\/petrose\/Projects\/books\/ios\/3\/Mobile Microservices Architecture\/Home\/Framework\/Local\/Files\/AuthorLocal.swift","hash":"ba1952b47ad007dc5592f139b93214eeca1f9fe5"},{"path":"\/Users\/petrose\/Projects\/books\/ios\/3\/Mobile Microservices Architecture\/Home\/Framework\/Local\/Files\/AuthorLocalDataGateway.swift","hash":"752884498a445959c43f320aeb0e7b67647eb399"},{"path":"\/Users\/petrose\/Projects\/books\/ios\/3\/Mobile Microservices Architecture\/Home\/Framework\/Local\/Files\/AuthorsMapperPlain.swift","hash":"57ee1641697e8bb50b515fe878b1e94abcdd0016"},{"path":"\/Users\/petrose\/Projects\/books\/ios\/3\/Mobile Microservices Architecture\/Home\/Framework\/Local\/Files\/LikesLocalDataGateway.swift","hash":"21d7c71b441b587e5954cb817248f05a6483a7dc"},{"path":"\/Users\/petrose\/Projects\/books\/ios\/3\/Mobile Microservices Architecture\/Home\/Framework\/Local\/db\/ArticleDao.swift","hash":"e9c606276b1aaaf2e3d22e4afcf891d032bcda47"},{"path":"\/Users\/petrose\/Projects\/books\/ios\/3\/Mobile Microservices Architecture\/Home\/Framework\/Local\/db\/ArticleDb.swift","hash":"85045720a2b250efc8b6ad236f72028f22d3f577"},{"path":"\/Users\/petrose\/Projects\/books\/ios\/3\/Mobile Microservices Architecture\/Home\/Framework\/Local\/db\/ArticlesLocalDataGateway.swift","hash":"2f5b73ec9c2e7a0184cfda55e5d278df638a2d7c"},{"path":"\/Users\/petrose\/Projects\/books\/ios\/3\/Mobile Microservices Architecture\/Home\/Framework\/Local\/db\/ArticlesMapperPlain.swift","hash":"320b67e221efda35140915cbab20c8e22b9fe37d"},{"path":"\/Users\/petrose\/Projects\/books\/ios\/3\/Mobile Microservices Architecture\/Home\/Framework\/Remote\/ArticleRaw.swift","hash":"01f0773034caca6163e31a3d06d91dada59d6867"},{"path":"\/Users\/petrose\/Projects\/books\/ios\/3\/Mobile Microservices Architecture\/Home\/Framework\/Remote\/ArticlesMapperDb.swift","hash":"d348b4d63a2b22d0323ce442d38063f6b23cac50"},{"path":"\/Users\/petrose\/Projects\/books\/ios\/3\/Mobile Microservices Architecture\/Home\/Framework\/Remote\/ArticlesRemoteDataGateway.swift","hash":"e187a1c705a1662a4466d0e245c036a1e4148844"},{"path":"\/Users\/petrose\/Projects\/books\/ios\/3\/Mobile Microservices Architecture\/Home\/Framework\/Remote\/ArticlesService.swift","hash":"107b16f463b404a1bad962792624dfbd6d592d7b"},{"path":"\/Users\/petrose\/Projects\/books\/ios\/3\/Mobile Microservices Architecture\/Home\/Framework\/Remote\/ArticlesServiceImpl.swift","hash":"6aa52ece383a32a309e1c655e7f50fc81510100c"},{"path":"\/Users\/petrose\/Projects\/books\/ios\/3\/Mobile Microservices Architecture\/Home\/Framework\/Views\/ArticlesListView.swift","hash":"9595d83cec694176b377df18f8bf88d9b0c280bd"},{"path":"\/Users\/petrose\/Projects\/books\/ios\/3\/Mobile Microservices Architecture\/Home\/Framework\/Views\/EmptyState.swift","hash":"857726f09019e28ad031702c9b456fb8d61d05dc"},{"path":"\/Users\/petrose\/Projects\/books\/ios\/3\/Mobile Microservices Architecture\/Home\/Framework\/Views\/ErrorState.swift","hash":"167d579cb262e98a4ffa9d452c7940f31b0210d3"},{"path":"\/Users\/petrose\/Projects\/books\/ios\/3\/Mobile Microservices Architecture\/Home\/Framework\/Views\/HomeView.swift","hash":"f9f57018f977381d2613f98477ea01c3222778e0"},{"path":"\/Users\/petrose\/Projects\/books\/ios\/3\/Mobile Microservices Architecture\/Home\/Framework\/Views\/LoadingState.swift","hash":"635d0dedcb41d50daa3974947bf9a03a06e79691"}],"configHash":"2d00497e2f78a9d1993cd5f84a31dbf94bedce19","dependencyPathsHash":"c7351b0799c6e2f8d5552531b3059970ce94b9fe","targetPathsHash":"8295bc517a6e106048327d94ff2c0981ebc428e7","mockedTypesHash":"19adb00452692e3d6de770ae86f3a5a2c9c37946","outputHash":"6dad3a13ffec756924ea84ba3ff2a6529a32f9f3","dependencies":[{"target":{"productModuleName":"HomePresentation","sourceRoot":"\/Users\/petrose\/Projects\/books\/ios\/3\/Mobile Microservices Architecture","name":"HomePresentation","dependencies":[{"target":{"productModuleName":"HomeApplication","sourceRoot":"\/Users\/petrose\/Projects\/books\/ios\/3\/Mobile Microservices Architecture","name":"HomeApplication","dependencies":[],"sourceFilePaths":[{"path":"\/Users\/petrose\/Projects\/books\/ios\/3\/Mobile Microservices Architecture\/Home\/Application\/Entities\/Article.swift","hash":"dbe9f895079ead30158c2e12b4260082f803c1f9"},{"path":"\/Users\/petrose\/Projects\/books\/ios\/3\/Mobile Microservices Architecture\/Home\/Application\/Entities\/Mappers\/ArticlesMapper.swift","hash":"a85501a1861b7358700f3a8b3254731a4eaf0392"},{"path":"\/Users\/petrose\/Projects\/books\/ios\/3\/Mobile Microservices Architecture\/Home\/Application\/Entities\/Plain\/ArticleCategory.swift","hash":"2854dcf7d7e06836b2386e4e37001aa421be28b6"},{"path":"\/Users\/petrose\/Projects\/books\/ios\/3\/Mobile Microservices Architecture\/Home\/Application\/Entities\/Plain\/ArticlePlain.swift","hash":"42fd32e143c35429da4a78a75744659b868d2840"},{"path":"\/Users\/petrose\/Projects\/books\/ios\/3\/Mobile Microservices Architecture\/Home\/Application\/Entities\/Plain\/ArticlesAuthorsLikes.swift","hash":"fbc52945f4ec7b97548035ea4cecbe92dfc58d00"},{"path":"\/Users\/petrose\/Projects\/books\/ios\/3\/Mobile Microservices Architecture\/Home\/Application\/Entities\/Plain\/AuthorPlain.swift","hash":"6c4b6a2b58b1268d510691bd068511a94e6b814f"},{"path":"\/Users\/petrose\/Projects\/books\/ios\/3\/Mobile Microservices Architecture\/Home\/Application\/Use Cases\/Data Sources\/GetArticlesSource.swift","hash":"1450a71d970eb0a5c5d52df975a3a710297542e3"},{"path":"\/Users\/petrose\/Projects\/books\/ios\/3\/Mobile Microservices Architecture\/Home\/Application\/Use Cases\/Data Sources\/LikeArticleSource.swift","hash":"54420b77f647c804b22b290eb9043db98bc355e9"},{"path":"\/Users\/petrose\/Projects\/books\/ios\/3\/Mobile Microservices Architecture\/Home\/Application\/Use Cases\/GetArticles.swift","hash":"74e8dde6ad8ab8c63a048b739f6b7ab5b7afd49c"},{"path":"\/Users\/petrose\/Projects\/books\/ios\/3\/Mobile Microservices Architecture\/Home\/Application\/Use Cases\/LikeArticle.swift","hash":"048e39bed6fc9ca4cde5463ed1777b8a09936425"}]}}],"sourceFilePaths":[{"path":"\/Users\/petrose\/Projects\/books\/ios\/3\/Mobile Microservices Architecture\/Home\/Presentation\/ArticlePresentation.swift","hash":"d8d2e3b73833ce085dcfce1970168993bb9ae5d7"},{"path":"\/Users\/petrose\/Projects\/books\/ios\/3\/Mobile Microservices Architecture\/Home\/Presentation\/ArticlesPresentationMapper.swift","hash":"ea50f9f613dbe8188b823cb0d76b036682d7f707"},{"path":"\/Users\/petrose\/Projects\/books\/ios\/3\/Mobile Microservices Architecture\/Home\/Presentation\/HomeIntent.swift","hash":"d6a0ddb30115c6ea56518084b4ed0b7502a15b9c"},{"path":"\/Users\/petrose\/Projects\/books\/ios\/3\/Mobile Microservices Architecture\/Home\/Presentation\/HomeState.swift","hash":"8fd99ad110a2234e281f21097764b6329f36ff65"},{"path":"\/Users\/petrose\/Projects\/books\/ios\/3\/Mobile Microservices Architecture\/Home\/Presentation\/HomeStateMapper.swift","hash":"7355f4ca4698de433fb0583fae35a77184e2c4d9"},{"path":"\/Users\/petrose\/Projects\/books\/ios\/3\/Mobile Microservices Architecture\/Home\/Presentation\/HomeViewModel.swift","hash":"8a166c81c888f89ccee0a552f4c636247fdbaeda"}]}},{"target":{"productModuleName":"HomeData","sourceRoot":"\/Users\/petrose\/Projects\/books\/ios\/3\/Mobile Microservices Architecture","name":"HomeData","dependencies":[],"sourceFilePaths":[{"path":"\/Users\/petrose\/Projects\/books\/ios\/3\/Mobile Microservices Architecture\/Home\/Data\/ArticlesAuthorsLikesMapper.swift","hash":"4f5b0f3e49245a50dc3d3ae2fc50525f2eeeaa25"},{"path":"\/Users\/petrose\/Projects\/books\/ios\/3\/Mobile Microservices Architecture\/Home\/Data\/Combined\/GetArticlesSourceCombined.swift","hash":"e217ae6af18286a85480f9f8be5574217511af60"},{"path":"\/Users\/petrose\/Projects\/books\/ios\/3\/Mobile Microservices Architecture\/Home\/Data\/Combined\/LikeArticleSourceCombined.swift","hash":"ba8f6223323dc855e82dab7baa6ed1d8ed6633c7"},{"path":"\/Users\/petrose\/Projects\/books\/ios\/3\/Mobile Microservices Architecture\/Home\/Data\/Local\/ArticleDataSourceLocal.swift","hash":"9007d81c474bbe6f1edd8d4d38f242d7cc5cd43e"},{"path":"\/Users\/petrose\/Projects\/books\/ios\/3\/Mobile Microservices Architecture\/Home\/Data\/Local\/AuthorDataSourceLocal.swift","hash":"16a1a4588c23a19936895ad9ab5e8a3930bc3f6e"},{"path":"\/Users\/petrose\/Projects\/books\/ios\/3\/Mobile Microservices Architecture\/Home\/Data\/Local\/LikesDataSourceLocal.swift","hash":"f227ec260488db8712ccf8ad8ad0ad9da74f8f35"},{"path":"\/Users\/petrose\/Projects\/books\/ios\/3\/Mobile Microservices Architecture\/Home\/Data\/Remote\/ArticleDataSourceRemote.swift","hash":"9e06925e44ff4009c3eb533530da230282fee795"}]}},{"target":{"productModuleName":"HomeApplication","sourceRoot":"\/Users\/petrose\/Projects\/books\/ios\/3\/Mobile Microservices Architecture","name":"HomeApplication","dependencies":[],"sourceFilePaths":[{"path":"\/Users\/petrose\/Projects\/books\/ios\/3\/Mobile Microservices Architecture\/Home\/Application\/Entities\/Article.swift","hash":"dbe9f895079ead30158c2e12b4260082f803c1f9"},{"path":"\/Users\/petrose\/Projects\/books\/ios\/3\/Mobile Microservices Architecture\/Home\/Application\/Entities\/Mappers\/ArticlesMapper.swift","hash":"a85501a1861b7358700f3a8b3254731a4eaf0392"},{"path":"\/Users\/petrose\/Projects\/books\/ios\/3\/Mobile Microservices Architecture\/Home\/Application\/Entities\/Plain\/ArticleCategory.swift","hash":"2854dcf7d7e06836b2386e4e37001aa421be28b6"},{"path":"\/Users\/petrose\/Projects\/books\/ios\/3\/Mobile Microservices Architecture\/Home\/Application\/Entities\/Plain\/ArticlePlain.swift","hash":"42fd32e143c35429da4a78a75744659b868d2840"},{"path":"\/Users\/petrose\/Projects\/books\/ios\/3\/Mobile Microservices Architecture\/Home\/Application\/Entities\/Plain\/ArticlesAuthorsLikes.swift","hash":"fbc52945f4ec7b97548035ea4cecbe92dfc58d00"},{"path":"\/Users\/petrose\/Projects\/books\/ios\/3\/Mobile Microservices Architecture\/Home\/Application\/Entities\/Plain\/AuthorPlain.swift","hash":"6c4b6a2b58b1268d510691bd068511a94e6b814f"},{"path":"\/Users\/petrose\/Projects\/books\/ios\/3\/Mobile Microservices Architecture\/Home\/Application\/Use Cases\/Data Sources\/GetArticlesSource.swift","hash":"1450a71d970eb0a5c5d52df975a3a710297542e3"},{"path":"\/Users\/petrose\/Projects\/books\/ios\/3\/Mobile Microservices Architecture\/Home\/Application\/Use Cases\/Data Sources\/LikeArticleSource.swift","hash":"54420b77f647c804b22b290eb9043db98bc355e9"},{"path":"\/Users\/petrose\/Projects\/books\/ios\/3\/Mobile Microservices Architecture\/Home\/Application\/Use Cases\/GetArticles.swift","hash":"74e8dde6ad8ab8c63a048b739f6b7ab5b7afd49c"},{"path":"\/Users\/petrose\/Projects\/books\/ios\/3\/Mobile Microservices Architecture\/Home\/Application\/Use Cases\/LikeArticle.swift","hash":"048e39bed6fc9ca4cde5463ed1777b8a09936425"}]}}],"sourceRoot":"\/Users\/petrose\/Projects\/books\/ios\/3\/Mobile Microservices Architecture","supportingFilePaths":[{"path":"\/Users\/petrose\/Projects\/books\/ios\/3\/Mobile Microservices Architecture\/MockingbirdSupport\/AppKit\/NSResponder.swift","hash":"21296949c6d570892c8665a450e62c234c938790"},{"path":"\/Users\/petrose\/Projects\/books\/ios\/3\/Mobile Microservices Architecture\/MockingbirdSupport\/AppKit\/NSView.swift","hash":"85b3183be144012a7e105e292426c3d9f8966072"},{"path":"\/Users\/petrose\/Projects\/books\/ios\/3\/Mobile Microservices Architecture\/MockingbirdSupport\/AppKit\/NSViewController.swift","hash":"d8785e8a119f2723c8840534df0ad8ac61409797"},{"path":"\/Users\/petrose\/Projects\/books\/ios\/3\/Mobile Microservices Architecture\/MockingbirdSupport\/Foundation\/ObjectiveC\/NSObject.swift","hash":"cf466772b8c2d80d31f34b93b501b398fbb8854d"},{"path":"\/Users\/petrose\/Projects\/books\/ios\/3\/Mobile Microservices Architecture\/MockingbirdSupport\/Foundation\/ObjectiveC\/NSObject.swift","hash":"cf466772b8c2d80d31f34b93b501b398fbb8854d"},{"path":"\/Users\/petrose\/Projects\/books\/ios\/3\/Mobile Microservices Architecture\/MockingbirdSupport\/Swift\/Codable.swift","hash":"57675d8b36a2db7b093b3542bd3225a88992c3bc"},{"path":"\/Users\/petrose\/Projects\/books\/ios\/3\/Mobile Microservices Architecture\/MockingbirdSupport\/Swift\/Comparable.swift","hash":"d0d110744eeaf2f8fdd2f8a41df3452f35286bb7"},{"path":"\/Users\/petrose\/Projects\/books\/ios\/3\/Mobile Microservices Architecture\/MockingbirdSupport\/Swift\/Equatable.swift","hash":"2e7674f4e23a5ab7aef45b91b63c0ed5934c3b83"},{"path":"\/Users\/petrose\/Projects\/books\/ios\/3\/Mobile Microservices Architecture\/MockingbirdSupport\/Swift\/Hashable.swift","hash":"f59ec249aa03e312f2bda7c3b397c0dccd880a21"},{"path":"\/Users\/petrose\/Projects\/books\/ios\/3\/Mobile Microservices Architecture\/MockingbirdSupport\/Swift\/Misc.swift","hash":"c139249ec5799f1ec64c3d9e7d8c1f286b894035"},{"path":"\/Users\/petrose\/Projects\/books\/ios\/3\/Mobile Microservices Architecture\/MockingbirdSupport\/UIKit\/UIControl.swift","hash":"9363a4c38002598dbbc1198f16fe7198b8151d24"},{"path":"\/Users\/petrose\/Projects\/books\/ios\/3\/Mobile Microservices Architecture\/MockingbirdSupport\/UIKit\/UILabel.swift","hash":"e26a734695bfe008598ed0d8c936683db78f40ac"},{"path":"\/Users\/petrose\/Projects\/books\/ios\/3\/Mobile Microservices Architecture\/MockingbirdSupport\/UIKit\/UIView.swift","hash":"10e6b03a9c5a76f720c17fcb82af82ff66994926"},{"path":"\/Users\/petrose\/Projects\/books\/ios\/3\/Mobile Microservices Architecture\/MockingbirdSupport\/UIKit\/UIViewController.swift","hash":"bbd8980a22029f339b0e8746124fd06d94730570"}],"name":"Home","projectHash":"73ec797a7bdc5d57b67afc1d07dcbdb5dc54009b"}