{"projectHash":"742e9ef90569ca65106beac8eba95321717810b5","productModuleName":"HomeApplicationTests","mockedTypeNames":["\/Users\/petrose\/Projects\/books\/ios\/3\/Mobile Microservices Architecture\/Home\/Application\/HomeApplicationTests\/LikeArticleUseCaseShould.swift",[],"\/Users\/petrose\/Projects\/books\/ios\/3\/Mobile Microservices Architecture\/Home\/Application\/HomeApplicationTests\/ArticlesMapperShould.swift",[],"\/Users\/petrose\/Projects\/books\/ios\/3\/Mobile Microservices Architecture\/Home\/Application\/HomeApplicationTests\/Utils\/MockResolver.swift",["LikeArticleSource","GetArticlesSource"],"\/Users\/petrose\/Projects\/books\/ios\/3\/Mobile Microservices Architecture\/Home\/Application\/HomeApplicationTests\/Utils\/Fakes.swift",[],"\/Users\/petrose\/Projects\/books\/ios\/3\/Mobile Microservices Architecture\/Home\/Application\/HomeApplicationTests\/GetArticlesUseCaseShould.swift",[]],"cliVersion":"0.20.0","sourceFilePaths":[{"path":"\/Users\/petrose\/Projects\/books\/ios\/3\/Mobile Microservices Architecture\/Home\/Application\/HomeApplicationTests\/ArticlesMapperShould.swift","hash":"0ad722a2f4a27ed06d981726c83eac0f8044a9c9"},{"path":"\/Users\/petrose\/Projects\/books\/ios\/3\/Mobile Microservices Architecture\/Home\/Application\/HomeApplicationTests\/GetArticlesUseCaseShould.swift","hash":"83c0c5eb5147a2b5dca99a7cfe0aa5489f55f0d7"},{"path":"\/Users\/petrose\/Projects\/books\/ios\/3\/Mobile Microservices Architecture\/Home\/Application\/HomeApplicationTests\/LikeArticleUseCaseShould.swift","hash":"fe0bf5d6b24e6e5965c35caa52ab9a8794268892"},{"path":"\/Users\/petrose\/Projects\/books\/ios\/3\/Mobile Microservices Architecture\/Home\/Application\/HomeApplicationTests\/Utils\/Fakes.swift","hash":"ab5da4f004e627dbccebbc98016ced7be5b3eaa5"},{"path":"\/Users\/petrose\/Projects\/books\/ios\/3\/Mobile Microservices Architecture\/Home\/Application\/HomeApplicationTests\/Utils\/MockResolver.swift","hash":"7326a21bf67027556e9fb4ce3fa38fced0aca0ce"},{"path":"\/Users\/petrose\/Projects\/books\/ios\/3\/Mobile Microservices Architecture\/MockingbirdMocks\/HomeApplicationTests-HomeApplicationMocks.generated.swift","hash":"0bada10ede145215e7f3faa2157b2bd43da15b89"}],"sourceRoot":"\/Users\/petrose\/Projects\/books\/ios\/3\/Mobile Microservices Architecture","dependencies":[],"name":"HomeApplicationTests"}