{"projectHash":"0ecdc7562783bd8aebdc4606a346be338202857e","productModuleName":"HomePresentationTests","mockedTypeNames":["\/Users\/petrose\/Projects\/books\/ios\/3\/Mobile Microservices Architecture\/HomePresentationTests\/ArticlesPresentationMapperShould.swift",[],"\/Users\/petrose\/Projects\/books\/ios\/3\/Mobile Microservices Architecture\/HomePresentationTests\/Utils\/MockResolver.swift",[],"\/Users\/petrose\/Projects\/books\/ios\/3\/Mobile Microservices Architecture\/HomePresentationTests\/HomeStateMapperShould.swift",[],"\/Users\/petrose\/Projects\/books\/ios\/3\/Mobile Microservices Architecture\/HomePresentationTests\/Utils\/Fakes.swift",[]],"cliVersion":"0.20.0","sourceFilePaths":[{"path":"\/Users\/petrose\/Projects\/books\/ios\/3\/Mobile Microservices Architecture\/HomePresentationTests\/ArticlesPresentationMapperShould.swift","hash":"800a7ab64764ace4e29a33b202270605f2a42835"},{"path":"\/Users\/petrose\/Projects\/books\/ios\/3\/Mobile Microservices Architecture\/HomePresentationTests\/HomeStateMapperShould.swift","hash":"bb153ea4e77bc858c028f16508506c3eb0e85b41"},{"path":"\/Users\/petrose\/Projects\/books\/ios\/3\/Mobile Microservices Architecture\/HomePresentationTests\/Utils\/Fakes.swift","hash":"942143b23ad572e302404b8f2c1ea576580bbb3e"},{"path":"\/Users\/petrose\/Projects\/books\/ios\/3\/Mobile Microservices Architecture\/HomePresentationTests\/Utils\/MockResolver.swift","hash":"8b95cab2a249804c82386306d68e1c50462c3691"},{"path":"\/Users\/petrose\/Projects\/books\/ios\/3\/Mobile Microservices Architecture\/MockingbirdMocks\/HomePresentationTests-HomePresentationMocks.generated.swift","hash":"a4be4374d7787cb7881c1c6a44d8985624c10ec5"}],"sourceRoot":"\/Users\/petrose\/Projects\/books\/ios\/3\/Mobile Microservices Architecture","dependencies":[],"name":"HomePresentationTests"}